
Microsoft Visual Studio Solution File, Format Version 12.00
# Visual Studio Version 16
VisualStudioVersion = 16.0.31205.134
MinimumVisualStudioVersion = 10.0.40219.1
Project("{FAE04EC0-301F-11D3-BF4B-00C04F79EFBC}") = "projEntrevista", "projEntrevista\projEntrevista.csproj", "{11B23153-9728-4C28-A1C6-A2FAD8350904}"
EndProject
Global
	GlobalSection(SolutionConfigurationPlatforms) = preSolution
		Debug|Any CPU = Debug|Any CPU
		Release|Any CPU = Release|Any CPU
	EndGlobalSection
	GlobalSection(ProjectConfigurationPlatforms) = postSolution
		{11B23153-9728-4C28-A1C6-A2FAD8350904}.Debug|Any CPU.ActiveCfg = Debug|Any CPU
		{11B23153-9728-4C28-A1C6-A2FAD8350904}.Debug|Any CPU.Build.0 = Debug|Any CPU
		{11B23153-9728-4C28-A1C6-A2FAD8350904}.Release|Any CPU.ActiveCfg = Release|Any CPU
		{11B23153-9728-4C28-A1C6-A2FAD8350904}.Release|Any CPU.Build.0 = Release|Any CPU
	EndGlobalSection
	GlobalSection(SolutionProperties) = preSolution
		HideSolutionNode = FALSE
	EndGlobalSection
	GlobalSection(ExtensibilityGlobals) = postSolution
		SolutionGuid = {24569422-2BF5-4CC4-A21C-1F408B5D3B25}
	EndGlobalSection
EndGlobal
